
Microsoft Visual Studio Solution File, Format Version 12.00
# Visual Studio 14
VisualStudioVersion = 14.0.25420.1
MinimumVisualStudioVersion = 10.0.40219.1
Project("{FAE04EC0-301F-11D3-BF4B-00C04F79EFBC}") = "GestionIsta", "GestionIsta\GestionIsta.csproj", "{9901F47A-26E5-4888-97BB-F0FDAE64691A}"
EndProject
Project("{FAE04EC0-301F-11D3-BF4B-00C04F79EFBC}") = "GestionIstaLibrary", "GestionIstaLibrary\GestionIstaLibrary.csproj", "{3AA5FAFE-C3FE-4777-BA76-1F672B666717}"
EndProject
Global
	GlobalSection(SolutionConfigurationPlatforms) = preSolution
		Debug|Any CPU = Debug|Any CPU
		Release|Any CPU = Release|Any CPU
	EndGlobalSection
	GlobalSection(ProjectConfigurationPlatforms) = postSolution
		{9901F47A-26E5-4888-97BB-F0FDAE64691A}.Debug|Any CPU.ActiveCfg = Debug|Any CPU
		{9901F47A-26E5-4888-97BB-F0FDAE64691A}.Debug|Any CPU.Build.0 = Debug|Any CPU
		{9901F47A-26E5-4888-97BB-F0FDAE64691A}.Release|Any CPU.ActiveCfg = Release|Any CPU
		{9901F47A-26E5-4888-97BB-F0FDAE64691A}.Release|Any CPU.Build.0 = Release|Any CPU
		{3AA5FAFE-C3FE-4777-BA76-1F672B666717}.Debug|Any CPU.ActiveCfg = Debug|Any CPU
		{3AA5FAFE-C3FE-4777-BA76-1F672B666717}.Debug|Any CPU.Build.0 = Debug|Any CPU
		{3AA5FAFE-C3FE-4777-BA76-1F672B666717}.Release|Any CPU.ActiveCfg = Release|Any CPU
		{3AA5FAFE-C3FE-4777-BA76-1F672B666717}.Release|Any CPU.Build.0 = Release|Any CPU
	EndGlobalSection
	GlobalSection(SolutionProperties) = preSolution
		HideSolutionNode = FALSE
	EndGlobalSection
EndGlobal
